
Microsoft Visual Studio Solution File, Format Version 12.00
# Visual Studio 15
VisualStudioVersion = 15.0.27428.2015
MinimumVisualStudioVersion = 10.0.40219.1
Project("{FAE04EC0-301F-11D3-BF4B-00C04F79EFBC}") = "SystemConfigManagerSample.Android", "SystemConfigManagerSample\SystemConfigManagerSample.Android\SystemConfigManagerSample.Android.csproj", "{6BF15014-4C2E-435A-BE7A-3CE96BDD1FA0}"
EndProject
Project("{D954291E-2A0B-460D-934E-DC6B0785DB48}") = "SystemConfigManagerSample", "SystemConfigManagerSample\SystemConfigManagerSample\SystemConfigManagerSample.shproj", "{3452B765-3D1B-4DA6-ADC0-3D2783AF5AE7}"
EndProject
Global
	GlobalSection(SharedMSBuildProjectFiles) = preSolution
		SystemConfigManagerSample\SystemConfigManagerSample\SystemConfigManagerSample.projitems*{3452b765-3d1b-4da6-adc0-3d2783af5ae7}*SharedItemsImports = 13
		SystemConfigManagerSample\SystemConfigManagerSample\SystemConfigManagerSample.projitems*{6bf15014-4c2e-435a-be7a-3ce96bdd1fa0}*SharedItemsImports = 4
	EndGlobalSection
	GlobalSection(SolutionConfigurationPlatforms) = preSolution
		Debug|Any CPU = Debug|Any CPU
		Release|Any CPU = Release|Any CPU
	EndGlobalSection
	GlobalSection(ProjectConfigurationPlatforms) = postSolution
		{6BF15014-4C2E-435A-BE7A-3CE96BDD1FA0}.Debug|Any CPU.ActiveCfg = Debug|Any CPU
		{6BF15014-4C2E-435A-BE7A-3CE96BDD1FA0}.Debug|Any CPU.Build.0 = Debug|Any CPU
		{6BF15014-4C2E-435A-BE7A-3CE96BDD1FA0}.Debug|Any CPU.Deploy.0 = Debug|Any CPU
		{6BF15014-4C2E-435A-BE7A-3CE96BDD1FA0}.Release|Any CPU.ActiveCfg = Release|Any CPU
		{6BF15014-4C2E-435A-BE7A-3CE96BDD1FA0}.Release|Any CPU.Build.0 = Release|Any CPU
		{6BF15014-4C2E-435A-BE7A-3CE96BDD1FA0}.Release|Any CPU.Deploy.0 = Release|Any CPU
	EndGlobalSection
	GlobalSection(SolutionProperties) = preSolution
		HideSolutionNode = FALSE
	EndGlobalSection
	GlobalSection(ExtensibilityGlobals) = postSolution
		SolutionGuid = {B7D59955-C02A-4A8C-AC62-BAA70C21B39A}
	EndGlobalSection
EndGlobal
